
Microsoft Visual Studio Solution File, Format Version 12.00
# Visual Studio Version 17
VisualStudioVersion = 17.4.33213.308
MinimumVisualStudioVersion = 10.0.40219.1
Project("{FAE04EC0-301F-11D3-BF4B-00C04F79EFBC}") = "learn", "learn\learn.csproj", "{1F488200-8EB9-431B-A50A-83502B659394}"
EndProject
Global
	GlobalSection(SolutionConfigurationPlatforms) = preSolution
		Debug|Any CPU = Debug|Any CPU
		Release|Any CPU = Release|Any CPU
	EndGlobalSection
	GlobalSection(ProjectConfigurationPlatforms) = postSolution
		{1F488200-8EB9-431B-A50A-83502B659394}.Debug|Any CPU.ActiveCfg = Debug|Any CPU
		{1F488200-8EB9-431B-A50A-83502B659394}.Debug|Any CPU.Build.0 = Debug|Any CPU
		{1F488200-8EB9-431B-A50A-83502B659394}.Release|Any CPU.ActiveCfg = Release|Any CPU
		{1F488200-8EB9-431B-A50A-83502B659394}.Release|Any CPU.Build.0 = Release|Any CPU
	EndGlobalSection
	GlobalSection(SolutionProperties) = preSolution
		HideSolutionNode = FALSE
	EndGlobalSection
	GlobalSection(ExtensibilityGlobals) = postSolution
		SolutionGuid = {3B91EA5E-D913-43A5-A255-0CB6ACE75DEA}
	EndGlobalSection
EndGlobal
